
Microsoft Visual Studio Solution File, Format Version 12.00
# Visual Studio Version 16
VisualStudioVersion = 16.0.31515.178
MinimumVisualStudioVersion = 10.0.40219.1
Project("{FAE04EC0-301F-11D3-BF4B-00C04F79EFBC}") = "SMBLibrarySample", "SMBLibrarySample\SMBLibrarySample.csproj", "{350C5682-A0E7-4A74-B373-66450A2405B4}"
EndProject
Global
	GlobalSection(SolutionConfigurationPlatforms) = preSolution
		Debug|Any CPU = Debug|Any CPU
		Release|Any CPU = Release|Any CPU
	EndGlobalSection
	GlobalSection(ProjectConfigurationPlatforms) = postSolution
		{350C5682-A0E7-4A74-B373-66450A2405B4}.Debug|Any CPU.ActiveCfg = Debug|Any CPU
		{350C5682-A0E7-4A74-B373-66450A2405B4}.Debug|Any CPU.Build.0 = Debug|Any CPU
		{350C5682-A0E7-4A74-B373-66450A2405B4}.Release|Any CPU.ActiveCfg = Release|Any CPU
		{350C5682-A0E7-4A74-B373-66450A2405B4}.Release|Any CPU.Build.0 = Release|Any CPU
	EndGlobalSection
	GlobalSection(SolutionProperties) = preSolution
		HideSolutionNode = FALSE
	EndGlobalSection
	GlobalSection(ExtensibilityGlobals) = postSolution
		SolutionGuid = {6411AA5D-B3A1-43E0-9E13-BC0CEE10ECC3}
	EndGlobalSection
EndGlobal
